
Microsoft Visual Studio Solution File, Format Version 12.00
# Visual Studio Version 16
VisualStudioVersion = 16.0.31911.196
MinimumVisualStudioVersion = 10.0.40219.1
Project("{FAE04EC0-301F-11D3-BF4B-00C04F79EFBC}") = "CopyGroup", "CopyGroup\CopyGroup.csproj", "{F4064E3C-C249-44A5-B73F-44D3189A2694}"
EndProject
Global
	GlobalSection(SolutionConfigurationPlatforms) = preSolution
		Debug|Any CPU = Debug|Any CPU
		Release|Any CPU = Release|Any CPU
	EndGlobalSection
	GlobalSection(ProjectConfigurationPlatforms) = postSolution
		{F4064E3C-C249-44A5-B73F-44D3189A2694}.Debug|Any CPU.ActiveCfg = Debug|Any CPU
		{F4064E3C-C249-44A5-B73F-44D3189A2694}.Debug|Any CPU.Build.0 = Debug|Any CPU
		{F4064E3C-C249-44A5-B73F-44D3189A2694}.Release|Any CPU.ActiveCfg = Release|Any CPU
		{F4064E3C-C249-44A5-B73F-44D3189A2694}.Release|Any CPU.Build.0 = Release|Any CPU
	EndGlobalSection
	GlobalSection(SolutionProperties) = preSolution
		HideSolutionNode = FALSE
	EndGlobalSection
	GlobalSection(ExtensibilityGlobals) = postSolution
		SolutionGuid = {32A56145-7952-4775-BA5F-FD8A3C05B758}
	EndGlobalSection
EndGlobal
